
Microsoft Visual Studio Solution File, Format Version 10.00
# Visual Studio 2008
Project("{8BC9CEB8-8B4A-11D0-8D11-00A0C91BC942}") = "Arduino", "Arduino\Arduino.vcproj", "{BDAA614F-AF1F-4E28-8474-C4C9818E227F}"
EndProject
Global
	GlobalSection(SolutionConfigurationPlatforms) = preSolution
		Debug|Win32 = Debug|Win32
		Release|Win32 = Release|Win32
	EndGlobalSection
	GlobalSection(ProjectConfigurationPlatforms) = postSolution
		{BDAA614F-AF1F-4E28-8474-C4C9818E227F}.Debug|Win32.ActiveCfg = Debug|Win32
		{BDAA614F-AF1F-4E28-8474-C4C9818E227F}.Debug|Win32.Build.0 = Debug|Win32
		{BDAA614F-AF1F-4E28-8474-C4C9818E227F}.Release|Win32.ActiveCfg = Release|Win32
		{BDAA614F-AF1F-4E28-8474-C4C9818E227F}.Release|Win32.Build.0 = Release|Win32
	EndGlobalSection
	GlobalSection(SolutionProperties) = preSolution
		HideSolutionNode = FALSE
	EndGlobalSection
EndGlobal
